
Microsoft Visual Studio Solution File, Format Version 12.00
# Visual Studio Version 17
VisualStudioVersion = 17.9.34902.65
MinimumVisualStudioVersion = 10.0.40219.1
Project("{8BC9CEB8-8B4A-11D0-8D11-00A0C91BC942}") = "MyWDF", "MyWDF\MyWDF.vcxproj", "{FE080E25-B923-4B5E-872B-8B0015067609}"
EndProject
Project("{8BC9CEB8-8B4A-11D0-8D11-00A0C91BC942}") = "0_QtWidgetsApp", "QtWidgetsApp\QtWidgetsApp.vcxproj", "{36A82BCC-15DC-4BEC-8FD9-A21A2DC81B07}"
EndProject
Project("{8BC9CEB8-8B4A-11D0-8D11-00A0C91BC942}") = "QtWidgetsApp1", "QtWidgetsApp1\QtWidgets1App.vcxproj", "{FCB55DF5-2D88-48D8-889C-DBFE4C638897}"
EndProject
Project("{8BC9CEB8-8B4A-11D0-8D11-00A0C91BC942}") = "EmProcess", "EmProcess\EmProcess.vcxproj", "{3DADA74E-2615-439A-9F6F-0CACB5F94877}"
EndProject
Project("{8BC9CEB8-8B4A-11D0-8D11-00A0C91BC942}") = "HookDll", "HookDll\HookDll.vcxproj", "{0D1296CD-60EB-441A-B8A6-17422709B718}"
EndProject
Project("{8BC9CEB8-8B4A-11D0-8D11-00A0C91BC942}") = "version", "version\version.vcxproj", "{30F09C0D-E09C-4C79-84C7-D1F5B53F43B9}"
EndProject
Project("{8BC9CEB8-8B4A-11D0-8D11-00A0C91BC942}") = "HookDriver", "HookDriver\HookDriver.vcxproj", "{22415FED-DA27-48D9-9B62-A5D4F1494FAB}"
EndProject
Project("{8BC9CEB8-8B4A-11D0-8D11-00A0C91BC942}") = "InjectDllDemo", "injectDllDemo\injectDllDemo.vcxproj", "{860212A6-967E-4857-B622-4ACAEBCDC8D2}"
EndProject
Project("{8BC9CEB8-8B4A-11D0-8D11-00A0C91BC942}") = "InjectDll", "InjectDll\InjectDll.vcxproj", "{7AFF4984-F120-4072-9E16-85E46980CFE8}"
EndProject
Project("{8BC9CEB8-8B4A-11D0-8D11-00A0C91BC942}") = "InjectDriver", "InjectDriver\InjectDriver.vcxproj", "{FAAD885B-70D2-4D00-88FC-BB9AC57DD38D}"
EndProject
Project("{8BC9CEB8-8B4A-11D0-8D11-00A0C91BC942}") = "InjectDriver1", "InjectDriver1\InjectDriver1.vcxproj", "{44B4CFE0-4609-4E0F-BC1F-D9EC62044DCA}"
EndProject
Global
	GlobalSection(SolutionConfigurationPlatforms) = preSolution
		Debug|ARM64 = Debug|ARM64
		Debug|x64 = Debug|x64
		Debug|x86 = Debug|x86
		Release|ARM64 = Release|ARM64
		Release|x64 = Release|x64
		Release|x86 = Release|x86
		Win7 Debug|ARM64 = Win7 Debug|ARM64
		Win7 Debug|x64 = Win7 Debug|x64
		Win7 Debug|x86 = Win7 Debug|x86
		Win7 Release|ARM64 = Win7 Release|ARM64
		Win7 Release|x64 = Win7 Release|x64
		Win7 Release|x86 = Win7 Release|x86
	EndGlobalSection
	GlobalSection(ProjectConfigurationPlatforms) = postSolution
		{FE080E25-B923-4B5E-872B-8B0015067609}.Debug|ARM64.ActiveCfg = Debug|ARM64
		{FE080E25-B923-4B5E-872B-8B0015067609}.Debug|ARM64.Build.0 = Debug|ARM64
		{FE080E25-B923-4B5E-872B-8B0015067609}.Debug|ARM64.Deploy.0 = Debug|ARM64
		{FE080E25-B923-4B5E-872B-8B0015067609}.Debug|x64.ActiveCfg = Debug|x64
		{FE080E25-B923-4B5E-872B-8B0015067609}.Debug|x64.Build.0 = Debug|x64
		{FE080E25-B923-4B5E-872B-8B0015067609}.Debug|x64.Deploy.0 = Debug|x64
		{FE080E25-B923-4B5E-872B-8B0015067609}.Debug|x86.ActiveCfg = Debug|x64
		{FE080E25-B923-4B5E-872B-8B0015067609}.Debug|x86.Build.0 = Debug|x64
		{FE080E25-B923-4B5E-872B-8B0015067609}.Debug|x86.Deploy.0 = Debug|x64
		{FE080E25-B923-4B5E-872B-8B0015067609}.Release|ARM64.ActiveCfg = Release|ARM64
		{FE080E25-B923-4B5E-872B-8B0015067609}.Release|ARM64.Build.0 = Release|ARM64
		{FE080E25-B923-4B5E-872B-8B0015067609}.Release|ARM64.Deploy.0 = Release|ARM64
		{FE080E25-B923-4B5E-872B-8B0015067609}.Release|x64.ActiveCfg = Release|x64
		{FE080E25-B923-4B5E-872B-8B0015067609}.Release|x64.Build.0 = Release|x64
		{FE080E25-B923-4B5E-872B-8B0015067609}.Release|x64.Deploy.0 = Release|x64
		{FE080E25-B923-4B5E-872B-8B0015067609}.Release|x86.ActiveCfg = Release|x64
		{FE080E25-B923-4B5E-872B-8B0015067609}.Release|x86.Build.0 = Release|x64
		{FE080E25-B923-4B5E-872B-8B0015067609}.Release|x86.Deploy.0 = Release|x64
		{FE080E25-B923-4B5E-872B-8B0015067609}.Win7 Debug|ARM64.ActiveCfg = Debug|ARM64
		{FE080E25-B923-4B5E-872B-8B0015067609}.Win7 Debug|x64.ActiveCfg = Debug|x64
		{FE080E25-B923-4B5E-872B-8B0015067609}.Win7 Debug|x86.ActiveCfg = Debug|x64
		{FE080E25-B923-4B5E-872B-8B0015067609}.Win7 Release|ARM64.ActiveCfg = Release|ARM64
		{FE080E25-B923-4B5E-872B-8B0015067609}.Win7 Release|x64.ActiveCfg = Release|x64
		{FE080E25-B923-4B5E-872B-8B0015067609}.Win7 Release|x86.ActiveCfg = Release|x64
		{36A82BCC-15DC-4BEC-8FD9-A21A2DC81B07}.Debug|ARM64.ActiveCfg = Debug|x64
		{36A82BCC-15DC-4BEC-8FD9-A21A2DC81B07}.Debug|ARM64.Build.0 = Debug|x64
		{36A82BCC-15DC-4BEC-8FD9-A21A2DC81B07}.Debug|x64.ActiveCfg = Debug|x64
		{36A82BCC-15DC-4BEC-8FD9-A21A2DC81B07}.Debug|x64.Build.0 = Debug|x64
		{36A82BCC-15DC-4BEC-8FD9-A21A2DC81B07}.Debug|x86.ActiveCfg = Debug|x64
		{36A82BCC-15DC-4BEC-8FD9-A21A2DC81B07}.Debug|x86.Build.0 = Debug|x64
		{36A82BCC-15DC-4BEC-8FD9-A21A2DC81B07}.Release|ARM64.ActiveCfg = Release|x64
		{36A82BCC-15DC-4BEC-8FD9-A21A2DC81B07}.Release|ARM64.Build.0 = Release|x64
		{36A82BCC-15DC-4BEC-8FD9-A21A2DC81B07}.Release|x64.ActiveCfg = Release|x64
		{36A82BCC-15DC-4BEC-8FD9-A21A2DC81B07}.Release|x64.Build.0 = Release|x64
		{36A82BCC-15DC-4BEC-8FD9-A21A2DC81B07}.Release|x86.ActiveCfg = Release|x64
		{36A82BCC-15DC-4BEC-8FD9-A21A2DC81B07}.Release|x86.Build.0 = Release|x64
		{36A82BCC-15DC-4BEC-8FD9-A21A2DC81B07}.Win7 Debug|ARM64.ActiveCfg = Debug|x64
		{36A82BCC-15DC-4BEC-8FD9-A21A2DC81B07}.Win7 Debug|x64.ActiveCfg = Debug|x64
		{36A82BCC-15DC-4BEC-8FD9-A21A2DC81B07}.Win7 Debug|x86.ActiveCfg = Debug|x64
		{36A82BCC-15DC-4BEC-8FD9-A21A2DC81B07}.Win7 Release|ARM64.ActiveCfg = Release|x64
		{36A82BCC-15DC-4BEC-8FD9-A21A2DC81B07}.Win7 Release|x64.ActiveCfg = Release|x64
		{36A82BCC-15DC-4BEC-8FD9-A21A2DC81B07}.Win7 Release|x86.ActiveCfg = Release|x64
		{FCB55DF5-2D88-48D8-889C-DBFE4C638897}.Debug|ARM64.ActiveCfg = Debug|x64
		{FCB55DF5-2D88-48D8-889C-DBFE4C638897}.Debug|ARM64.Build.0 = Debug|x64
		{FCB55DF5-2D88-48D8-889C-DBFE4C638897}.Debug|x64.ActiveCfg = Debug|x64
		{FCB55DF5-2D88-48D8-889C-DBFE4C638897}.Debug|x64.Build.0 = Debug|x64
		{FCB55DF5-2D88-48D8-889C-DBFE4C638897}.Debug|x86.ActiveCfg = Debug|x64
		{FCB55DF5-2D88-48D8-889C-DBFE4C638897}.Debug|x86.Build.0 = Debug|x64
		{FCB55DF5-2D88-48D8-889C-DBFE4C638897}.Release|ARM64.ActiveCfg = Release|x64
		{FCB55DF5-2D88-48D8-889C-DBFE4C638897}.Release|ARM64.Build.0 = Release|x64
		{FCB55DF5-2D88-48D8-889C-DBFE4C638897}.Release|x64.ActiveCfg = Release|x64
		{FCB55DF5-2D88-48D8-889C-DBFE4C638897}.Release|x64.Build.0 = Release|x64
		{FCB55DF5-2D88-48D8-889C-DBFE4C638897}.Release|x86.ActiveCfg = Release|x64
		{FCB55DF5-2D88-48D8-889C-DBFE4C638897}.Release|x86.Build.0 = Release|x64
		{FCB55DF5-2D88-48D8-889C-DBFE4C638897}.Win7 Debug|ARM64.ActiveCfg = Debug|x64
		{FCB55DF5-2D88-48D8-889C-DBFE4C638897}.Win7 Debug|x64.ActiveCfg = Debug|x64
		{FCB55DF5-2D88-48D8-889C-DBFE4C638897}.Win7 Debug|x86.ActiveCfg = Debug|x64
		{FCB55DF5-2D88-48D8-889C-DBFE4C638897}.Win7 Release|ARM64.ActiveCfg = Release|x64
		{FCB55DF5-2D88-48D8-889C-DBFE4C638897}.Win7 Release|x64.ActiveCfg = Release|x64
		{FCB55DF5-2D88-48D8-889C-DBFE4C638897}.Win7 Release|x86.ActiveCfg = Release|x64
		{3DADA74E-2615-439A-9F6F-0CACB5F94877}.Debug|ARM64.ActiveCfg = Debug|x64
		{3DADA74E-2615-439A-9F6F-0CACB5F94877}.Debug|ARM64.Build.0 = Debug|x64
		{3DADA74E-2615-439A-9F6F-0CACB5F94877}.Debug|x64.ActiveCfg = Debug|x64
		{3DADA74E-2615-439A-9F6F-0CACB5F94877}.Debug|x64.Build.0 = Debug|x64
		{3DADA74E-2615-439A-9F6F-0CACB5F94877}.Debug|x86.ActiveCfg = Debug|Win32
		{3DADA74E-2615-439A-9F6F-0CACB5F94877}.Debug|x86.Build.0 = Debug|Win32
		{3DADA74E-2615-439A-9F6F-0CACB5F94877}.Release|ARM64.ActiveCfg = Release|x64
		{3DADA74E-2615-439A-9F6F-0CACB5F94877}.Release|ARM64.Build.0 = Release|x64
		{3DADA74E-2615-439A-9F6F-0CACB5F94877}.Release|x64.ActiveCfg = Release|x64
		{3DADA74E-2615-439A-9F6F-0CACB5F94877}.Release|x64.Build.0 = Release|x64
		{3DADA74E-2615-439A-9F6F-0CACB5F94877}.Release|x86.ActiveCfg = Release|Win32
		{3DADA74E-2615-439A-9F6F-0CACB5F94877}.Release|x86.Build.0 = Release|Win32
		{3DADA74E-2615-439A-9F6F-0CACB5F94877}.Win7 Debug|ARM64.ActiveCfg = Debug|x64
		{3DADA74E-2615-439A-9F6F-0CACB5F94877}.Win7 Debug|x64.ActiveCfg = Debug|x64
		{3DADA74E-2615-439A-9F6F-0CACB5F94877}.Win7 Debug|x86.ActiveCfg = Debug|Win32
		{3DADA74E-2615-439A-9F6F-0CACB5F94877}.Win7 Release|ARM64.ActiveCfg = Release|x64
		{3DADA74E-2615-439A-9F6F-0CACB5F94877}.Win7 Release|x64.ActiveCfg = Release|x64
		{3DADA74E-2615-439A-9F6F-0CACB5F94877}.Win7 Release|x86.ActiveCfg = Release|Win32
		{0D1296CD-60EB-441A-B8A6-17422709B718}.Debug|ARM64.ActiveCfg = Debug|x64
		{0D1296CD-60EB-441A-B8A6-17422709B718}.Debug|ARM64.Build.0 = Debug|x64
		{0D1296CD-60EB-441A-B8A6-17422709B718}.Debug|x64.ActiveCfg = Debug|x64
		{0D1296CD-60EB-441A-B8A6-17422709B718}.Debug|x64.Build.0 = Debug|x64
		{0D1296CD-60EB-441A-B8A6-17422709B718}.Debug|x86.ActiveCfg = Debug|Win32
		{0D1296CD-60EB-441A-B8A6-17422709B718}.Debug|x86.Build.0 = Debug|Win32
		{0D1296CD-60EB-441A-B8A6-17422709B718}.Release|ARM64.ActiveCfg = Release|x64
		{0D1296CD-60EB-441A-B8A6-17422709B718}.Release|ARM64.Build.0 = Release|x64
		{0D1296CD-60EB-441A-B8A6-17422709B718}.Release|x64.ActiveCfg = Release|x64
		{0D1296CD-60EB-441A-B8A6-17422709B718}.Release|x64.Build.0 = Release|x64
		{0D1296CD-60EB-441A-B8A6-17422709B718}.Release|x86.ActiveCfg = Release|Win32
		{0D1296CD-60EB-441A-B8A6-17422709B718}.Release|x86.Build.0 = Release|Win32
		{0D1296CD-60EB-441A-B8A6-17422709B718}.Win7 Debug|ARM64.ActiveCfg = Debug|x64
		{0D1296CD-60EB-441A-B8A6-17422709B718}.Win7 Debug|ARM64.Build.0 = Debug|x64
		{0D1296CD-60EB-441A-B8A6-17422709B718}.Win7 Debug|x64.ActiveCfg = Debug|x64
		{0D1296CD-60EB-441A-B8A6-17422709B718}.Win7 Debug|x64.Build.0 = Debug|x64
		{0D1296CD-60EB-441A-B8A6-17422709B718}.Win7 Debug|x86.ActiveCfg = Debug|Win32
		{0D1296CD-60EB-441A-B8A6-17422709B718}.Win7 Debug|x86.Build.0 = Debug|Win32
		{0D1296CD-60EB-441A-B8A6-17422709B718}.Win7 Release|ARM64.ActiveCfg = Release|x64
		{0D1296CD-60EB-441A-B8A6-17422709B718}.Win7 Release|ARM64.Build.0 = Release|x64
		{0D1296CD-60EB-441A-B8A6-17422709B718}.Win7 Release|x64.ActiveCfg = Release|x64
		{0D1296CD-60EB-441A-B8A6-17422709B718}.Win7 Release|x64.Build.0 = Release|x64
		{0D1296CD-60EB-441A-B8A6-17422709B718}.Win7 Release|x86.ActiveCfg = Release|Win32
		{0D1296CD-60EB-441A-B8A6-17422709B718}.Win7 Release|x86.Build.0 = Release|Win32
		{30F09C0D-E09C-4C79-84C7-D1F5B53F43B9}.Debug|ARM64.ActiveCfg = Debug|x64
		{30F09C0D-E09C-4C79-84C7-D1F5B53F43B9}.Debug|ARM64.Build.0 = Debug|x64
		{30F09C0D-E09C-4C79-84C7-D1F5B53F43B9}.Debug|x64.ActiveCfg = Debug|x64
		{30F09C0D-E09C-4C79-84C7-D1F5B53F43B9}.Debug|x64.Build.0 = Debug|x64
		{30F09C0D-E09C-4C79-84C7-D1F5B53F43B9}.Debug|x86.ActiveCfg = Debug|Win32
		{30F09C0D-E09C-4C79-84C7-D1F5B53F43B9}.Debug|x86.Build.0 = Debug|Win32
		{30F09C0D-E09C-4C79-84C7-D1F5B53F43B9}.Release|ARM64.ActiveCfg = Release|x64
		{30F09C0D-E09C-4C79-84C7-D1F5B53F43B9}.Release|ARM64.Build.0 = Release|x64
		{30F09C0D-E09C-4C79-84C7-D1F5B53F43B9}.Release|x64.ActiveCfg = Release|x64
		{30F09C0D-E09C-4C79-84C7-D1F5B53F43B9}.Release|x64.Build.0 = Release|x64
		{30F09C0D-E09C-4C79-84C7-D1F5B53F43B9}.Release|x86.ActiveCfg = Release|Win32
		{30F09C0D-E09C-4C79-84C7-D1F5B53F43B9}.Release|x86.Build.0 = Release|Win32
		{30F09C0D-E09C-4C79-84C7-D1F5B53F43B9}.Win7 Debug|ARM64.ActiveCfg = Debug|x64
		{30F09C0D-E09C-4C79-84C7-D1F5B53F43B9}.Win7 Debug|x64.ActiveCfg = Debug|x64
		{30F09C0D-E09C-4C79-84C7-D1F5B53F43B9}.Win7 Debug|x86.ActiveCfg = Debug|Win32
		{30F09C0D-E09C-4C79-84C7-D1F5B53F43B9}.Win7 Release|ARM64.ActiveCfg = Release|x64
		{30F09C0D-E09C-4C79-84C7-D1F5B53F43B9}.Win7 Release|x64.ActiveCfg = Release|x64
		{30F09C0D-E09C-4C79-84C7-D1F5B53F43B9}.Win7 Release|x86.ActiveCfg = Release|Win32
		{22415FED-DA27-48D9-9B62-A5D4F1494FAB}.Debug|ARM64.ActiveCfg = Debug|ARM64
		{22415FED-DA27-48D9-9B62-A5D4F1494FAB}.Debug|ARM64.Build.0 = Debug|ARM64
		{22415FED-DA27-48D9-9B62-A5D4F1494FAB}.Debug|ARM64.Deploy.0 = Debug|ARM64
		{22415FED-DA27-48D9-9B62-A5D4F1494FAB}.Debug|x64.ActiveCfg = Debug|x64
		{22415FED-DA27-48D9-9B62-A5D4F1494FAB}.Debug|x64.Build.0 = Debug|x64
		{22415FED-DA27-48D9-9B62-A5D4F1494FAB}.Debug|x64.Deploy.0 = Debug|x64
		{22415FED-DA27-48D9-9B62-A5D4F1494FAB}.Debug|x86.ActiveCfg = Debug|x64
		{22415FED-DA27-48D9-9B62-A5D4F1494FAB}.Debug|x86.Build.0 = Debug|x64
		{22415FED-DA27-48D9-9B62-A5D4F1494FAB}.Debug|x86.Deploy.0 = Debug|x64
		{22415FED-DA27-48D9-9B62-A5D4F1494FAB}.Release|ARM64.ActiveCfg = Release|ARM64
		{22415FED-DA27-48D9-9B62-A5D4F1494FAB}.Release|ARM64.Build.0 = Release|ARM64
		{22415FED-DA27-48D9-9B62-A5D4F1494FAB}.Release|ARM64.Deploy.0 = Release|ARM64
		{22415FED-DA27-48D9-9B62-A5D4F1494FAB}.Release|x64.ActiveCfg = Release|x64
		{22415FED-DA27-48D9-9B62-A5D4F1494FAB}.Release|x64.Build.0 = Release|x64
		{22415FED-DA27-48D9-9B62-A5D4F1494FAB}.Release|x64.Deploy.0 = Release|x64
		{22415FED-DA27-48D9-9B62-A5D4F1494FAB}.Release|x86.ActiveCfg = Release|x64
		{22415FED-DA27-48D9-9B62-A5D4F1494FAB}.Release|x86.Build.0 = Release|x64
		{22415FED-DA27-48D9-9B62-A5D4F1494FAB}.Release|x86.Deploy.0 = Release|x64
		{22415FED-DA27-48D9-9B62-A5D4F1494FAB}.Win7 Debug|ARM64.ActiveCfg = Debug|ARM64
		{22415FED-DA27-48D9-9B62-A5D4F1494FAB}.Win7 Debug|ARM64.Build.0 = Debug|ARM64
		{22415FED-DA27-48D9-9B62-A5D4F1494FAB}.Win7 Debug|ARM64.Deploy.0 = Debug|ARM64
		{22415FED-DA27-48D9-9B62-A5D4F1494FAB}.Win7 Debug|x64.ActiveCfg = Debug|x64
		{22415FED-DA27-48D9-9B62-A5D4F1494FAB}.Win7 Debug|x64.Build.0 = Debug|x64
		{22415FED-DA27-48D9-9B62-A5D4F1494FAB}.Win7 Debug|x64.Deploy.0 = Debug|x64
		{22415FED-DA27-48D9-9B62-A5D4F1494FAB}.Win7 Debug|x86.ActiveCfg = Debug|x64
		{22415FED-DA27-48D9-9B62-A5D4F1494FAB}.Win7 Debug|x86.Build.0 = Debug|x64
		{22415FED-DA27-48D9-9B62-A5D4F1494FAB}.Win7 Debug|x86.Deploy.0 = Debug|x64
		{22415FED-DA27-48D9-9B62-A5D4F1494FAB}.Win7 Release|ARM64.ActiveCfg = Release|ARM64
		{22415FED-DA27-48D9-9B62-A5D4F1494FAB}.Win7 Release|ARM64.Build.0 = Release|ARM64
		{22415FED-DA27-48D9-9B62-A5D4F1494FAB}.Win7 Release|ARM64.Deploy.0 = Release|ARM64
		{22415FED-DA27-48D9-9B62-A5D4F1494FAB}.Win7 Release|x64.ActiveCfg = Release|x64
		{22415FED-DA27-48D9-9B62-A5D4F1494FAB}.Win7 Release|x64.Build.0 = Release|x64
		{22415FED-DA27-48D9-9B62-A5D4F1494FAB}.Win7 Release|x64.Deploy.0 = Release|x64
		{22415FED-DA27-48D9-9B62-A5D4F1494FAB}.Win7 Release|x86.ActiveCfg = Release|x64
		{22415FED-DA27-48D9-9B62-A5D4F1494FAB}.Win7 Release|x86.Build.0 = Release|x64
		{22415FED-DA27-48D9-9B62-A5D4F1494FAB}.Win7 Release|x86.Deploy.0 = Release|x64
		{860212A6-967E-4857-B622-4ACAEBCDC8D2}.Debug|ARM64.ActiveCfg = Debug|x64
		{860212A6-967E-4857-B622-4ACAEBCDC8D2}.Debug|ARM64.Build.0 = Debug|x64
		{860212A6-967E-4857-B622-4ACAEBCDC8D2}.Debug|x64.ActiveCfg = Debug|x64
		{860212A6-967E-4857-B622-4ACAEBCDC8D2}.Debug|x64.Build.0 = Debug|x64
		{860212A6-967E-4857-B622-4ACAEBCDC8D2}.Debug|x86.ActiveCfg = Debug|Win32
		{860212A6-967E-4857-B622-4ACAEBCDC8D2}.Debug|x86.Build.0 = Debug|Win32
		{860212A6-967E-4857-B622-4ACAEBCDC8D2}.Release|ARM64.ActiveCfg = Release|x64
		{860212A6-967E-4857-B622-4ACAEBCDC8D2}.Release|ARM64.Build.0 = Release|x64
		{860212A6-967E-4857-B622-4ACAEBCDC8D2}.Release|x64.ActiveCfg = Release|x64
		{860212A6-967E-4857-B622-4ACAEBCDC8D2}.Release|x64.Build.0 = Release|x64
		{860212A6-967E-4857-B622-4ACAEBCDC8D2}.Release|x86.ActiveCfg = Release|Win32
		{860212A6-967E-4857-B622-4ACAEBCDC8D2}.Release|x86.Build.0 = Release|Win32
		{860212A6-967E-4857-B622-4ACAEBCDC8D2}.Win7 Debug|ARM64.ActiveCfg = Debug|x64
		{860212A6-967E-4857-B622-4ACAEBCDC8D2}.Win7 Debug|ARM64.Build.0 = Debug|x64
		{860212A6-967E-4857-B622-4ACAEBCDC8D2}.Win7 Debug|x64.ActiveCfg = Debug|x64
		{860212A6-967E-4857-B622-4ACAEBCDC8D2}.Win7 Debug|x64.Build.0 = Debug|x64
		{860212A6-967E-4857-B622-4ACAEBCDC8D2}.Win7 Debug|x86.ActiveCfg = Debug|Win32
		{860212A6-967E-4857-B622-4ACAEBCDC8D2}.Win7 Debug|x86.Build.0 = Debug|Win32
		{860212A6-967E-4857-B622-4ACAEBCDC8D2}.Win7 Release|ARM64.ActiveCfg = Release|x64
		{860212A6-967E-4857-B622-4ACAEBCDC8D2}.Win7 Release|ARM64.Build.0 = Release|x64
		{860212A6-967E-4857-B622-4ACAEBCDC8D2}.Win7 Release|x64.ActiveCfg = Release|x64
		{860212A6-967E-4857-B622-4ACAEBCDC8D2}.Win7 Release|x64.Build.0 = Release|x64
		{860212A6-967E-4857-B622-4ACAEBCDC8D2}.Win7 Release|x86.ActiveCfg = Release|Win32
		{860212A6-967E-4857-B622-4ACAEBCDC8D2}.Win7 Release|x86.Build.0 = Release|Win32
		{7AFF4984-F120-4072-9E16-85E46980CFE8}.Debug|ARM64.ActiveCfg = Debug|x64
		{7AFF4984-F120-4072-9E16-85E46980CFE8}.Debug|ARM64.Build.0 = Debug|x64
		{7AFF4984-F120-4072-9E16-85E46980CFE8}.Debug|x64.ActiveCfg = Debug|x64
		{7AFF4984-F120-4072-9E16-85E46980CFE8}.Debug|x64.Build.0 = Debug|x64
		{7AFF4984-F120-4072-9E16-85E46980CFE8}.Debug|x86.ActiveCfg = Debug|Win32
		{7AFF4984-F120-4072-9E16-85E46980CFE8}.Debug|x86.Build.0 = Debug|Win32
		{7AFF4984-F120-4072-9E16-85E46980CFE8}.Release|ARM64.ActiveCfg = Release|x64
		{7AFF4984-F120-4072-9E16-85E46980CFE8}.Release|ARM64.Build.0 = Release|x64
		{7AFF4984-F120-4072-9E16-85E46980CFE8}.Release|x64.ActiveCfg = Release|x64
		{7AFF4984-F120-4072-9E16-85E46980CFE8}.Release|x64.Build.0 = Release|x64
		{7AFF4984-F120-4072-9E16-85E46980CFE8}.Release|x86.ActiveCfg = Release|Win32
		{7AFF4984-F120-4072-9E16-85E46980CFE8}.Release|x86.Build.0 = Release|Win32
		{7AFF4984-F120-4072-9E16-85E46980CFE8}.Win7 Debug|ARM64.ActiveCfg = Debug|x64
		{7AFF4984-F120-4072-9E16-85E46980CFE8}.Win7 Debug|ARM64.Build.0 = Debug|x64
		{7AFF4984-F120-4072-9E16-85E46980CFE8}.Win7 Debug|x64.ActiveCfg = Debug|x64
		{7AFF4984-F120-4072-9E16-85E46980CFE8}.Win7 Debug|x64.Build.0 = Debug|x64
		{7AFF4984-F120-4072-9E16-85E46980CFE8}.Win7 Debug|x86.ActiveCfg = Debug|Win32
		{7AFF4984-F120-4072-9E16-85E46980CFE8}.Win7 Debug|x86.Build.0 = Debug|Win32
		{7AFF4984-F120-4072-9E16-85E46980CFE8}.Win7 Release|ARM64.ActiveCfg = Release|x64
		{7AFF4984-F120-4072-9E16-85E46980CFE8}.Win7 Release|ARM64.Build.0 = Release|x64
		{7AFF4984-F120-4072-9E16-85E46980CFE8}.Win7 Release|x64.ActiveCfg = Release|x64
		{7AFF4984-F120-4072-9E16-85E46980CFE8}.Win7 Release|x64.Build.0 = Release|x64
		{7AFF4984-F120-4072-9E16-85E46980CFE8}.Win7 Release|x86.ActiveCfg = Release|Win32
		{7AFF4984-F120-4072-9E16-85E46980CFE8}.Win7 Release|x86.Build.0 = Release|Win32
		{FAAD885B-70D2-4D00-88FC-BB9AC57DD38D}.Debug|ARM64.ActiveCfg = Debug|ARM64
		{FAAD885B-70D2-4D00-88FC-BB9AC57DD38D}.Debug|ARM64.Build.0 = Debug|ARM64
		{FAAD885B-70D2-4D00-88FC-BB9AC57DD38D}.Debug|ARM64.Deploy.0 = Debug|ARM64
		{FAAD885B-70D2-4D00-88FC-BB9AC57DD38D}.Debug|x64.ActiveCfg = Debug|x64
		{FAAD885B-70D2-4D00-88FC-BB9AC57DD38D}.Debug|x64.Build.0 = Debug|x64
		{FAAD885B-70D2-4D00-88FC-BB9AC57DD38D}.Debug|x64.Deploy.0 = Debug|x64
		{FAAD885B-70D2-4D00-88FC-BB9AC57DD38D}.Debug|x86.ActiveCfg = Debug|x64
		{FAAD885B-70D2-4D00-88FC-BB9AC57DD38D}.Debug|x86.Build.0 = Debug|x64
		{FAAD885B-70D2-4D00-88FC-BB9AC57DD38D}.Debug|x86.Deploy.0 = Debug|x64
		{FAAD885B-70D2-4D00-88FC-BB9AC57DD38D}.Release|ARM64.ActiveCfg = Release|ARM64
		{FAAD885B-70D2-4D00-88FC-BB9AC57DD38D}.Release|ARM64.Build.0 = Release|ARM64
		{FAAD885B-70D2-4D00-88FC-BB9AC57DD38D}.Release|ARM64.Deploy.0 = Release|ARM64
		{FAAD885B-70D2-4D00-88FC-BB9AC57DD38D}.Release|x64.ActiveCfg = Release|x64
		{FAAD885B-70D2-4D00-88FC-BB9AC57DD38D}.Release|x64.Build.0 = Release|x64
		{FAAD885B-70D2-4D00-88FC-BB9AC57DD38D}.Release|x64.Deploy.0 = Release|x64
		{FAAD885B-70D2-4D00-88FC-BB9AC57DD38D}.Release|x86.ActiveCfg = Release|x64
		{FAAD885B-70D2-4D00-88FC-BB9AC57DD38D}.Release|x86.Build.0 = Release|x64
		{FAAD885B-70D2-4D00-88FC-BB9AC57DD38D}.Release|x86.Deploy.0 = Release|x64
		{FAAD885B-70D2-4D00-88FC-BB9AC57DD38D}.Win7 Debug|ARM64.ActiveCfg = Debug|ARM64
		{FAAD885B-70D2-4D00-88FC-BB9AC57DD38D}.Win7 Debug|ARM64.Build.0 = Debug|ARM64
		{FAAD885B-70D2-4D00-88FC-BB9AC57DD38D}.Win7 Debug|ARM64.Deploy.0 = Debug|ARM64
		{FAAD885B-70D2-4D00-88FC-BB9AC57DD38D}.Win7 Debug|x64.ActiveCfg = Debug|x64
		{FAAD885B-70D2-4D00-88FC-BB9AC57DD38D}.Win7 Debug|x64.Build.0 = Debug|x64
		{FAAD885B-70D2-4D00-88FC-BB9AC57DD38D}.Win7 Debug|x64.Deploy.0 = Debug|x64
		{FAAD885B-70D2-4D00-88FC-BB9AC57DD38D}.Win7 Debug|x86.ActiveCfg = Debug|x64
		{FAAD885B-70D2-4D00-88FC-BB9AC57DD38D}.Win7 Debug|x86.Build.0 = Debug|x64
		{FAAD885B-70D2-4D00-88FC-BB9AC57DD38D}.Win7 Debug|x86.Deploy.0 = Debug|x64
		{FAAD885B-70D2-4D00-88FC-BB9AC57DD38D}.Win7 Release|ARM64.ActiveCfg = Release|ARM64
		{FAAD885B-70D2-4D00-88FC-BB9AC57DD38D}.Win7 Release|ARM64.Build.0 = Release|ARM64
		{FAAD885B-70D2-4D00-88FC-BB9AC57DD38D}.Win7 Release|ARM64.Deploy.0 = Release|ARM64
		{FAAD885B-70D2-4D00-88FC-BB9AC57DD38D}.Win7 Release|x64.ActiveCfg = Release|x64
		{FAAD885B-70D2-4D00-88FC-BB9AC57DD38D}.Win7 Release|x64.Build.0 = Release|x64
		{FAAD885B-70D2-4D00-88FC-BB9AC57DD38D}.Win7 Release|x64.Deploy.0 = Release|x64
		{FAAD885B-70D2-4D00-88FC-BB9AC57DD38D}.Win7 Release|x86.ActiveCfg = Release|x64
		{FAAD885B-70D2-4D00-88FC-BB9AC57DD38D}.Win7 Release|x86.Build.0 = Release|x64
		{FAAD885B-70D2-4D00-88FC-BB9AC57DD38D}.Win7 Release|x86.Deploy.0 = Release|x64
		{44B4CFE0-4609-4E0F-BC1F-D9EC62044DCA}.Debug|ARM64.ActiveCfg = Debug|ARM64
		{44B4CFE0-4609-4E0F-BC1F-D9EC62044DCA}.Debug|ARM64.Build.0 = Debug|ARM64
		{44B4CFE0-4609-4E0F-BC1F-D9EC62044DCA}.Debug|ARM64.Deploy.0 = Debug|ARM64
		{44B4CFE0-4609-4E0F-BC1F-D9EC62044DCA}.Debug|x64.ActiveCfg = Debug|x64
		{44B4CFE0-4609-4E0F-BC1F-D9EC62044DCA}.Debug|x64.Build.0 = Debug|x64
		{44B4CFE0-4609-4E0F-BC1F-D9EC62044DCA}.Debug|x64.Deploy.0 = Debug|x64
		{44B4CFE0-4609-4E0F-BC1F-D9EC62044DCA}.Debug|x86.ActiveCfg = Debug|x64
		{44B4CFE0-4609-4E0F-BC1F-D9EC62044DCA}.Debug|x86.Build.0 = Debug|x64
		{44B4CFE0-4609-4E0F-BC1F-D9EC62044DCA}.Debug|x86.Deploy.0 = Debug|x64
		{44B4CFE0-4609-4E0F-BC1F-D9EC62044DCA}.Release|ARM64.ActiveCfg = Release|ARM64
		{44B4CFE0-4609-4E0F-BC1F-D9EC62044DCA}.Release|ARM64.Build.0 = Release|ARM64
		{44B4CFE0-4609-4E0F-BC1F-D9EC62044DCA}.Release|ARM64.Deploy.0 = Release|ARM64
		{44B4CFE0-4609-4E0F-BC1F-D9EC62044DCA}.Release|x64.ActiveCfg = Release|x64
		{44B4CFE0-4609-4E0F-BC1F-D9EC62044DCA}.Release|x64.Build.0 = Release|x64
		{44B4CFE0-4609-4E0F-BC1F-D9EC62044DCA}.Release|x64.Deploy.0 = Release|x64
		{44B4CFE0-4609-4E0F-BC1F-D9EC62044DCA}.Release|x86.ActiveCfg = Release|x64
		{44B4CFE0-4609-4E0F-BC1F-D9EC62044DCA}.Release|x86.Build.0 = Release|x64
		{44B4CFE0-4609-4E0F-BC1F-D9EC62044DCA}.Release|x86.Deploy.0 = Release|x64
		{44B4CFE0-4609-4E0F-BC1F-D9EC62044DCA}.Win7 Debug|ARM64.ActiveCfg = Debug|ARM64
		{44B4CFE0-4609-4E0F-BC1F-D9EC62044DCA}.Win7 Debug|ARM64.Build.0 = Debug|ARM64
		{44B4CFE0-4609-4E0F-BC1F-D9EC62044DCA}.Win7 Debug|ARM64.Deploy.0 = Debug|ARM64
		{44B4CFE0-4609-4E0F-BC1F-D9EC62044DCA}.Win7 Debug|x64.ActiveCfg = Debug|x64
		{44B4CFE0-4609-4E0F-BC1F-D9EC62044DCA}.Win7 Debug|x64.Build.0 = Debug|x64
		{44B4CFE0-4609-4E0F-BC1F-D9EC62044DCA}.Win7 Debug|x64.Deploy.0 = Debug|x64
		{44B4CFE0-4609-4E0F-BC1F-D9EC62044DCA}.Win7 Debug|x86.ActiveCfg = Debug|x64
		{44B4CFE0-4609-4E0F-BC1F-D9EC62044DCA}.Win7 Debug|x86.Build.0 = Debug|x64
		{44B4CFE0-4609-4E0F-BC1F-D9EC62044DCA}.Win7 Debug|x86.Deploy.0 = Debug|x64
		{44B4CFE0-4609-4E0F-BC1F-D9EC62044DCA}.Win7 Release|ARM64.ActiveCfg = Release|ARM64
		{44B4CFE0-4609-4E0F-BC1F-D9EC62044DCA}.Win7 Release|ARM64.Build.0 = Release|ARM64
		{44B4CFE0-4609-4E0F-BC1F-D9EC62044DCA}.Win7 Release|ARM64.Deploy.0 = Release|ARM64
		{44B4CFE0-4609-4E0F-BC1F-D9EC62044DCA}.Win7 Release|x64.ActiveCfg = Release|x64
		{44B4CFE0-4609-4E0F-BC1F-D9EC62044DCA}.Win7 Release|x64.Build.0 = Release|x64
		{44B4CFE0-4609-4E0F-BC1F-D9EC62044DCA}.Win7 Release|x64.Deploy.0 = Release|x64
		{44B4CFE0-4609-4E0F-BC1F-D9EC62044DCA}.Win7 Release|x86.ActiveCfg = Release|x64
		{44B4CFE0-4609-4E0F-BC1F-D9EC62044DCA}.Win7 Release|x86.Build.0 = Release|x64
		{44B4CFE0-4609-4E0F-BC1F-D9EC62044DCA}.Win7 Release|x86.Deploy.0 = Release|x64
	EndGlobalSection
	GlobalSection(SolutionProperties) = preSolution
		HideSolutionNode = FALSE
	EndGlobalSection
	GlobalSection(ExtensibilityGlobals) = postSolution
		SolutionGuid = {FC0BDDB1-4938-4779-A45B-BEFF8FC42DB7}
	EndGlobalSection
EndGlobal
